{
  "name": "payload-shape-id",
  "version": "1.0.0",
  "lockfileVersion": 3,
  "requires": true,
  "packages": {
    "": {
      "name": "payload-shape-id",
      "version": "1.0.0",
      "license": "MIT",
      "bin": {
        "payload-shape-id": "src/cli.js"
      },
      "engines": {
        "node": ">=20"
      }
    }
  }
}
